// !$*UTF8*$!
{
	archiveVersion = 1;
	classes = {
	};
	objectVersion = 46;
	objects = {

/* Begin PBXBuildFile section */
		7D1486511D1DB7FC001AC6D0 /* AppDelegate.swift in Sources */ = {isa = PBXBuildFile; fileRef = 7D1486501D1DB7FC001AC6D0 /* AppDelegate.swift */; };
		7D1486531D1DB7FC001AC6D0 /* ViewController.swift in Sources */ = {isa = PBXBuildFile; fileRef = 7D1486521D1DB7FC001AC6D0 /* ViewController.swift */; };
		7D1486561D1DB7FC001AC6D0 /* Main.storyboard in Resources */ = {isa = PBXBuildFile; fileRef = 7D1486541D1DB7FC001AC6D0 /* Main.storyboard */; };
		7D1486581D1DB7FC001AC6D0 /* Assets.xcassets in Resources */ = {isa = PBXBuildFile; fileRef = 7D1486571D1DB7FC001AC6D0 /* Assets.xcassets */; };
		7D1486631D1DB7FC001AC6D0 /* MyTVAppTests.swift in Sources */ = {isa = PBXBuildFile; fileRef = 7D1486621D1DB7FC001AC6D0 /* MyTVAppTests.swift */; };
		7D14866E1D1DB7FC001AC6D0 /* MyTVAppUITests.swift in Sources */ = {isa = PBXBuildFile; fileRef = 7D14866D1D1DB7FC001AC6D0 /* MyTVAppUITests.swift */; };
		7D14867C1D1DB822001AC6D0 /* MyTVAppItem.swift in Sources */ = {isa = PBXBuildFile; fileRef = 7D14867B1D1DB822001AC6D0 /* MyTVAppItem.swift */; };
/* End PBXBuildFile section */

/* Begin PBXContainerItemProxy section */
		7D14865F1D1DB7FC001AC6D0 /* PBXContainerItemProxy */ = {
			isa = PBXContainerItemProxy;
			containerPortal = 7D1486451D1DB7FC001AC6D0 /* Project object */;
			proxyType = 1;
			remoteGlobalIDString = 7D14864C1D1DB7FC001AC6D0;
			remoteInfo = MyTVApp;
		};
		7D14866A1D1DB7FC001AC6D0 /* PBXContainerItemProxy */ = {
			isa = PBXContainerItemProxy;
			containerPortal = 7D1486451D1DB7FC001AC6D0 /* Project object */;
			proxyType = 1;
			remoteGlobalIDString = 7D14864C1D1DB7FC001AC6D0;
			remoteInfo = MyTVApp;
		};
/* End PBXContainerItemProxy section */

/* Begin PBXFileReference section */
		7D14864D1D1DB7FC001AC6D0 /* MyTVApp.app */ = {isa = PBXFileReference; explicitFileType = wrapper.application; includeInIndex = 0; path = MyTVApp.app; sourceTree = BUILT_PRODUCTS_DIR; };
		7D1486501D1DB7FC001AC6D0 /* AppDelegate.swift */ = {isa = PBXFileReference; lastKnownFileType = sourcecode.swift; path = AppDelegate.swift; sourceTree = "<group>"; };
		7D1486521D1DB7FC001AC6D0 /* ViewController.swift */ = {isa = PBXFileReference; lastKnownFileType = sourcecode.swift; path = ViewController.swift; sourceTree = "<group>"; };
		7D1486551D1DB7FC001AC6D0 /* Base */ = {isa = PBXFileReference; lastKnownFileType = file.storyboard; name = Base; path = Base.lproj/Main.storyboard; sourceTree = "<group>"; };
		7D1486571D1DB7FC001AC6D0 /* Assets.xcassets */ = {isa = PBXFileReference; lastKnownFileType = folder.assetcatalog; path = Assets.xcassets; sourceTree = "<group>"; };
		7D1486591D1DB7FC001AC6D0 /* Info.plist */ = {isa = PBXFileReference; lastKnownFileType = text.plist.xml; path = Info.plist; sourceTree = "<group>"; };
		7D14865E1D1DB7FC001AC6D0 /* MyTVAppTests.xctest */ = {isa = PBXFileReference; explicitFileType = wrapper.cfbundle; includeInIndex = 0; path = MyTVAppTests.xctest; sourceTree = BUILT_PRODUCTS_DIR; };
		7D1486621D1DB7FC001AC6D0 /* MyTVAppTests.swift */ = {isa = PBXFileReference; lastKnownFileType = sourcecode.swift; path = MyTVAppTests.swift; sourceTree = "<group>"; };
		7D1486641D1DB7FC001AC6D0 /* Info.plist */ = {isa = PBXFileReference; lastKnownFileType = text.plist.xml; path = Info.plist; sourceTree = "<group>"; };
		7D1486691D1DB7FC001AC6D0 /* MyTVAppUITests.xctest */ = {isa = PBXFileReference; explicitFileType = wrapper.cfbundle; includeInIndex = 0; path = MyTVAppUITests.xctest; sourceTree = BUILT_PRODUCTS_DIR; };
		7D14866D1D1DB7FC001AC6D0 /* MyTVAppUITests.swift */ = {isa = PBXFileReference; lastKnownFileType = sourcecode.swift; path = MyTVAppUITests.swift; sourceTree = "<group>"; };
		7D14866F1D1DB7FC001AC6D0 /* Info.plist */ = {isa = PBXFileReference; lastKnownFileType = text.plist.xml; path = Info.plist; sourceTree = "<group>"; };
		7D14867B1D1DB822001AC6D0 /* MyTVAppItem.swift */ = {isa = PBXFileReference; fileEncoding = 4; lastKnownFileType = sourcecode.swift; path = MyTVAppItem.swift; sourceTree = "<group>"; };
/* End PBXFileReference section */

/* Begin PBXFrameworksBuildPhase section */
		7D14864A1D1DB7FC001AC6D0 /* Frameworks */ = {
			isa = PBXFrameworksBuildPhase;
			buildActionMask = 2147483647;
			files = (
			);
			runOnlyForDeploymentPostprocessing = 0;
		};
		7D14865B1D1DB7FC001AC6D0 /* Frameworks */ = {
			isa = PBXFrameworksBuildPhase;
			buildActionMask = 2147483647;
			files = (
			);
			runOnlyForDeploymentPostprocessing = 0;
		};
		7D1486661D1DB7FC001AC6D0 /* Frameworks */ = {
			isa = PBXFrameworksBuildPhase;
			buildActionMask = 2147483647;
			files = (
			);
			runOnlyForDeploymentPostprocessing = 0;
		};
/* End PBXFrameworksBuildPhase section */

/* Begin PBXGroup section */
		7D1486441D1DB7FC001AC6D0 = {
			isa = PBXGroup;
			children = (
				7D14864F1D1DB7FC001AC6D0 /* MyTVApp */,
				7D1486611D1DB7FC001AC6D0 /* MyTVAppTests */,
				7D14866C1D1DB7FC001AC6D0 /* MyTVAppUITests */,
				7D14864E1D1DB7FC001AC6D0 /* Products */,
			);
			sourceTree = "<group>";
		};
		7D14864E1D1DB7FC001AC6D0 /* Products */ = {
			isa = PBXGroup;
			children = (
				7D14864D1D1DB7FC001AC6D0 /* MyTVApp.app */,
				7D14865E1D1DB7FC001AC6D0 /* MyTVAppTests.xctest */,
				7D1486691D1DB7FC001AC6D0 /* MyTVAppUITests.xctest */,
			);
			name = Products;
			sourceTree = "<group>";
		};
		7D14864F1D1DB7FC001AC6D0 /* MyTVApp */ = {
			isa = PBXGroup;
			children = (
				7D1486501D1DB7FC001AC6D0 /* AppDelegate.swift */,
				7D1486521D1DB7FC001AC6D0 /* ViewController.swift */,
				7D1486541D1DB7FC001AC6D0 /* Main.storyboard */,
				7D1486571D1DB7FC001AC6D0 /* Assets.xcassets */,
				7D1486591D1DB7FC001AC6D0 /* Info.plist */,
				7D14867B1D1DB822001AC6D0 /* MyTVAppItem.swift */,
			);
			path = MyTVApp;
			sourceTree = "<group>";
		};
		7D1486611D1DB7FC001AC6D0 /* MyTVAppTests */ = {
			isa = PBXGroup;
			children = (
				7D1486621D1DB7FC001AC6D0 /* MyTVAppTests.swift */,
				7D1486641D1DB7FC001AC6D0 /* Info.plist */,
			);
			path = MyTVAppTests;
			sourceTree = "<group>";
		};
		7D14866C1D1DB7FC001AC6D0 /* MyTVAppUITests */ = {
			isa = PBXGroup;
			children = (
				7D14866D1D1DB7FC001AC6D0 /* MyTVAppUITests.swift */,
				7D14866F1D1DB7FC001AC6D0 /* Info.plist */,
			);
			path = MyTVAppUITests;
			sourceTree = "<group>";
		};
/* End PBXGroup section */

/* Begin PBXNativeTarget section */
		7D14864C1D1DB7FC001AC6D0 /* MyTVApp */ = {
			isa = PBXNativeTarget;
			buildConfigurationList = 7D1486721D1DB7FC001AC6D0 /* Build configuration list for PBXNativeTarget "MyTVApp" */;
			buildPhases = (
				7D1486491D1DB7FC001AC6D0 /* Sources */,
				7D14864A1D1DB7FC001AC6D0 /* Frameworks */,
				7D14864B1D1DB7FC001AC6D0 /* Resources */,
			);
			buildRules = (
			);
			dependencies = (
			);
			name = MyTVApp;
			productName = MyTVApp;
			productReference = 7D14864D1D1DB7FC001AC6D0 /* MyTVApp.app */;
			productType = "com.apple.product-type.application";
		};
		7D14865D1D1DB7FC001AC6D0 /* MyTVAppTests */ = {
			isa = PBXNativeTarget;
			buildConfigurationList = 7D1486751D1DB7FC001AC6D0 /* Build configuration list for PBXNativeTarget "MyTVAppTests" */;
			buildPhases = (
				7D14865A1D1DB7FC001AC6D0 /* Sources */,
				7D14865B1D1DB7FC001AC6D0 /* Frameworks */,
				7D14865C1D1DB7FC001AC6D0 /* Resources */,
			);
			buildRules = (
			);
			dependencies = (
				7D1486601D1DB7FC001AC6D0 /* PBXTargetDependency */,
			);
			name = MyTVAppTests;
			productName = MyTVAppTests;
			productReference = 7D14865E1D1DB7FC001AC6D0 /* MyTVAppTests.xctest */;
			productType = "com.apple.product-type.bundle.unit-test";
		};
		7D1486681D1DB7FC001AC6D0 /* MyTVAppUITests */ = {
			isa = PBXNativeTarget;
			buildConfigurationList = 7D1486781D1DB7FC001AC6D0 /* Build configuration list for PBXNativeTarget "MyTVAppUITests" */;
			buildPhases = (
				7D1486651D1DB7FC001AC6D0 /* Sources */,
				7D1486661D1DB7FC001AC6D0 /* Frameworks */,
				7D1486671D1DB7FC001AC6D0 /* Resources */,
			);
			buildRules = (
			);
			dependencies = (
				7D14866B1D1DB7FC001AC6D0 /* PBXTargetDependency */,
			);
			name = MyTVAppUITests;
			productName = MyTVAppUITests;
			productReference = 7D1486691D1DB7FC001AC6D0 /* MyTVAppUITests.xctest */;
			productType = "com.apple.product-type.bundle.ui-testing";
		};
/* End PBXNativeTarget section */

/* Begin PBXProject section */
		7D1486451D1DB7FC001AC6D0 /* Project object */ = {
			isa = PBXProject;
			attributes = {
				LastSwiftUpdateCheck = 0730;
				LastUpgradeCheck = 0730;
				ORGANIZATIONNAME = "Bennett Buchanan";
				TargetAttributes = {
					7D14864C1D1DB7FC001AC6D0 = {
						CreatedOnToolsVersion = 7.3.1;
					};
					7D14865D1D1DB7FC001AC6D0 = {
						CreatedOnToolsVersion = 7.3.1;
						TestTargetID = 7D14864C1D1DB7FC001AC6D0;
					};
					7D1486681D1DB7FC001AC6D0 = {
						CreatedOnToolsVersion = 7.3.1;
						TestTargetID = 7D14864C1D1DB7FC001AC6D0;
					};
				};
			};
			buildConfigurationList = 7D1486481D1DB7FC001AC6D0 /* Build configuration list for PBXProject "MyTVApp" */;
			compatibilityVersion = "Xcode 3.2";
			developmentRegion = English;
			hasScannedForEncodings = 0;
			knownRegions = (
				en,
				Base,
			);
			mainGroup = 7D1486441D1DB7FC001AC6D0;
			productRefGroup = 7D14864E1D1DB7FC001AC6D0 /* Products */;
			projectDirPath = "";
			projectRoot = "";
			targets = (
				7D14864C1D1DB7FC001AC6D0 /* MyTVApp */,
				7D14865D1D1DB7FC001AC6D0 /* MyTVAppTests */,
				7D1486681D1DB7FC001AC6D0 /* MyTVAppUITests */,
			);
		};
/* End PBXProject section */

/* Begin PBXResourcesBuildPhase section */
		7D14864B1D1DB7FC001AC6D0 /* Resources */ = {
			isa = PBXResourcesBuildPhase;
			buildActionMask = 2147483647;
			files = (
				7D1486581D1DB7FC001AC6D0 /* Assets.xcassets in Resources */,
				7D1486561D1DB7FC001AC6D0 /* Main.storyboard in Resources */,
			);
			runOnlyForDeploymentPostprocessing = 0;
		};
		7D14865C1D1DB7FC001AC6D0 /* Resources */ = {
			isa = PBXResourcesBuildPhase;
			buildActionMask = 2147483647;
			files = (
			);
			runOnlyForDeploymentPostprocessing = 0;
		};
		7D1486671D1DB7FC001AC6D0 /* Resources */ = {
			isa = PBXResourcesBuildPhase;
			buildActionMask = 2147483647;
			files = (
			);
			runOnlyForDeploymentPostprocessing = 0;
		};
/* End PBXResourcesBuildPhase section */

/* Begin PBXSourcesBuildPhase section */
		7D1486491D1DB7FC001AC6D0 /* Sources */ = {
			isa = PBXSourcesBuildPhase;
			buildActionMask = 2147483647;
			files = (
				7D14867C1D1DB822001AC6D0 /* MyTVAppItem.swift in Sources */,
				7D1486531D1DB7FC001AC6D0 /* ViewController.swift in Sources */,
				7D1486511D1DB7FC001AC6D0 /* AppDelegate.swift in Sources */,
			);
			runOnlyForDeploymentPostprocessing = 0;
		};
		7D14865A1D1DB7FC001AC6D0 /* Sources */ = {
			isa = PBXSourcesBuildPhase;
			buildActionMask = 2147483647;
			files = (
				7D1486631D1DB7FC001AC6D0 /* MyTVAppTests.swift in Sources */,
			);
			runOnlyForDeploymentPostprocessing = 0;
		};
		7D1486651D1DB7FC001AC6D0 /* Sources */ = {
			isa = PBXSourcesBuildPhase;
			buildActionMask = 2147483647;
			files = (
				7D14866E1D1DB7FC001AC6D0 /* MyTVAppUITests.swift in Sources */,
			);
			runOnlyForDeploymentPostprocessing = 0;
		};
/* End PBXSourcesBuildPhase section */

/* Begin PBXTargetDependency section */
		7D1486601D1DB7FC001AC6D0 /* PBXTargetDependency */ = {
			isa = PBXTargetDependency;
			target = 7D14864C1D1DB7FC001AC6D0 /* MyTVApp */;
			targetProxy = 7D14865F1D1DB7FC001AC6D0 /* PBXContainerItemProxy */;
		};
		7D14866B1D1DB7FC001AC6D0 /* PBXTargetDependency */ = {
			isa = PBXTargetDependency;
			target = 7D14864C1D1DB7FC001AC6D0 /* MyTVApp */;
			targetProxy = 7D14866A1D1DB7FC001AC6D0 /* PBXContainerItemProxy */;
		};
/* End PBXTargetDependency section */

/* Begin PBXVariantGroup section */
		7D1486541D1DB7FC001AC6D0 /* Main.storyboard */ = {
			isa = PBXVariantGroup;
			children = (
				7D1486551D1DB7FC001AC6D0 /* Base */,
			);
			name = Main.storyboard;
			sourceTree = "<group>";
		};
/* End PBXVariantGroup section */

/* Begin XCBuildConfiguration section */
		7D1486701D1DB7FC001AC6D0 /* Debug */ = {
			isa = XCBuildConfiguration;
			buildSettings = {
				ALWAYS_SEARCH_USER_PATHS = NO;
				CLANG_ANALYZER_NONNULL = YES;
				CLANG_CXX_LANGUAGE_STANDARD = "gnu++0x";
				CLANG_CXX_LIBRARY = "libc++";
				CLANG_ENABLE_MODULES = YES;
				CLANG_ENABLE_OBJC_ARC = YES;
				CLANG_WARN_BOOL_CONVERSION = YES;
				CLANG_WARN_CONSTANT_CONVERSION = YES;
				CLANG_WARN_DIRECT_OBJC_ISA_USAGE = YES_ERROR;
				CLANG_WARN_EMPTY_BODY = YES;
				CLANG_WARN_ENUM_CONVERSION = YES;
				CLANG_WARN_INT_CONVERSION = YES;
				CLANG_WARN_OBJC_ROOT_CLASS = YES_ERROR;
				CLANG_WARN_UNREACHABLE_CODE = YES;
				CLANG_WARN__DUPLICATE_METHOD_MATCH = YES;
				COPY_PHASE_STRIP = NO;
				DEBUG_INFORMATION_FORMAT = dwarf;
				ENABLE_STRICT_OBJC_MSGSEND = YES;
				ENABLE_TESTABILITY = YES;
				GCC_C_LANGUAGE_STANDARD = gnu99;
				GCC_DYNAMIC_NO_PIC = NO;
				GCC_NO_COMMON_BLOCKS = YES;
				GCC_OPTIMIZATION_LEVEL = 0;
				GCC_PREPROCESSOR_DEFINITIONS = (
					"DEBUG=1",
					"$(inherited)",
				);
				GCC_WARN_64_TO_32_BIT_CONVERSION = YES;
				GCC_WARN_ABOUT_RETURN_TYPE = YES_ERROR;
				GCC_WARN_UNDECLARED_SELECTOR = YES;
				GCC_WARN_UNINITIALIZED_AUTOS = YES_AGGRESSIVE;
				GCC_WARN_UNUSED_FUNCTION = YES;
				GCC_WARN_UNUSED_VARIABLE = YES;
				MTL_ENABLE_DEBUG_INFO = YES;
				ONLY_ACTIVE_ARCH = YES;
				SDKROOT = appletvos;
				SWIFT_OPTIMIZATION_LEVEL = "-Onone";
				TARGETED_DEVICE_FAMILY = 3;
				TVOS_DEPLOYMENT_TARGET = 9.2;
			};
			name = Debug;
		};
		7D1486711D1DB7FC001AC6D0 /* Release */ = {
			isa = XCBuildConfiguration;
			buildSettings = {
				ALWAYS_SEARCH_USER_PATHS = NO;
				CLANG_ANALYZER_NONNULL = YES;
				CLANG_CXX_LANGUAGE_STANDARD = "gnu++0x";
				CLANG_CXX_LIBRARY = "libc++";
				CLANG_ENABLE_MODULES = YES;
				CLANG_ENABLE_OBJC_ARC = YES;
				CLANG_WARN_BOOL_CONVERSION = YES;
				CLANG_WARN_CONSTANT_CONVERSION = YES;
				CLANG_WARN_DIRECT_OBJC_ISA_USAGE = YES_ERROR;
				CLANG_WARN_EMPTY_BODY = YES;
				CLANG_WARN_ENUM_CONVERSION = YES;
				CLANG_WARN_INT_CONVERSION = YES;
				CLANG_WARN_OBJC_ROOT_CLASS = YES_ERROR;
				CLANG_WARN_UNREACHABLE_CODE = YES;
				CLANG_WARN__DUPLICATE_METHOD_MATCH = YES;
				COPY_PHASE_STRIP = NO;
				DEBUG_INFORMATION_FORMAT = "dwarf-with-dsym";
				ENABLE_NS_ASSERTIONS = NO;
				ENABLE_STRICT_OBJC_MSGSEND = YES;
				GCC_C_LANGUAGE_STANDARD = gnu99;
				GCC_NO_COMMON_BLOCKS = YES;
				GCC_WARN_64_TO_32_BIT_CONVERSION = YES;
				GCC_WARN_ABOUT_RETURN_TYPE = YES_ERROR;
				GCC_WARN_UNDECLARED_SELECTOR = YES;
				GCC_WARN_UNINITIALIZED_AUTOS = YES_AGGRESSIVE;
				GCC_WARN_UNUSED_FUNCTION = YES;
				GCC_WARN_UNUSED_VARIABLE = YES;
				MTL_ENABLE_DEBUG_INFO = NO;
				SDKROOT = appletvos;
				TARGETED_DEVICE_FAMILY = 3;
				TVOS_DEPLOYMENT_TARGET = 9.2;
				VALIDATE_PRODUCT = YES;
			};
			name = Release;
		};
		7D1486731D1DB7FC001AC6D0 /* Debug */ = {
			isa = XCBuildConfiguration;
			buildSettings = {
				ASSETCATALOG_COMPILER_APPICON_NAME = "App Icon & Top Shelf Image";
				ASSETCATALOG_COMPILER_LAUNCHIMAGE_NAME = LaunchImage;
				INFOPLIST_FILE = MyTVApp/Info.plist;
				LD_RUNPATH_SEARCH_PATHS = "$(inherited) @executable_path/Frameworks";
				PRODUCT_BUNDLE_IDENTIFIER = "Holberton-School.MyTVApp";
				PRODUCT_NAME = "$(TARGET_NAME)";
			};
			name = Debug;
		};
		7D1486741D1DB7FC001AC6D0 /* Release */ = {
			isa = XCBuildConfiguration;
			buildSettings = {
				ASSETCATALOG_COMPILER_APPICON_NAME = "App Icon & Top Shelf Image";
				ASSETCATALOG_COMPILER_LAUNCHIMAGE_NAME = LaunchImage;
				INFOPLIST_FILE = MyTVApp/Info.plist;
				LD_RUNPATH_SEARCH_PATHS = "$(inherited) @executable_path/Frameworks";
				PRODUCT_BUNDLE_IDENTIFIER = "Holberton-School.MyTVApp";
				PRODUCT_NAME = "$(TARGET_NAME)";
			};
			name = Release;
		};
		7D1486761D1DB7FC001AC6D0 /* Debug */ = {
			isa = XCBuildConfiguration;
			buildSettings = {
				BUNDLE_LOADER = "$(TEST_HOST)";
				INFOPLIST_FILE = MyTVAppTests/Info.plist;
				LD_RUNPATH_SEARCH_PATHS = "$(inherited) @executable_path/Frameworks @loader_path/Frameworks";
				PRODUCT_BUNDLE_IDENTIFIER = "Holberton-School.MyTVAppTests";
				PRODUCT_NAME = "$(TARGET_NAME)";
				TEST_HOST = "$(BUILT_PRODUCTS_DIR)/MyTVApp.app/MyTVApp";
			};
			name = Debug;
		};
		7D1486771D1DB7FC001AC6D0 /* Release */ = {
			isa = XCBuildConfiguration;
			buildSettings = {
				BUNDLE_LOADER = "$(TEST_HOST)";
				INFOPLIST_FILE = MyTVAppTests/Info.plist;
				LD_RUNPATH_SEARCH_PATHS = "$(inherited) @executable_path/Frameworks @loader_path/Frameworks";
				PRODUCT_BUNDLE_IDENTIFIER = "Holberton-School.MyTVAppTests";
				PRODUCT_NAME = "$(TARGET_NAME)";
				TEST_HOST = "$(BUILT_PRODUCTS_DIR)/MyTVApp.app/MyTVApp";
			};
			name = Release;
		};
		7D1486791D1DB7FC001AC6D0 /* Debug */ = {
			isa = XCBuildConfiguration;
			buildSettings = {
				INFOPLIST_FILE = MyTVAppUITests/Info.plist;
				LD_RUNPATH_SEARCH_PATHS = "$(inherited) @executable_path/Frameworks @loader_path/Frameworks";
				PRODUCT_BUNDLE_IDENTIFIER = "Holberton-School.MyTVAppUITests";
				PRODUCT_NAME = "$(TARGET_NAME)";
				TEST_TARGET_NAME = MyTVApp;
			};
			name = Debug;
		};
		7D14867A1D1DB7FC001AC6D0 /* Release */ = {
			isa = XCBuildConfiguration;
			buildSettings = {
				INFOPLIST_FILE = MyTVAppUITests/Info.plist;
				LD_RUNPATH_SEARCH_PATHS = "$(inherited) @executable_path/Frameworks @loader_path/Frameworks";
				PRODUCT_BUNDLE_IDENTIFIER = "Holberton-School.MyTVAppUITests";
				PRODUCT_NAME = "$(TARGET_NAME)";
				TEST_TARGET_NAME = MyTVApp;
			};
			name = Release;
		};
/* End XCBuildConfiguration section */

/* Begin XCConfigurationList section */
		7D1486481D1DB7FC001AC6D0 /* Build configuration list for PBXProject "MyTVApp" */ = {
			isa = XCConfigurationList;
			buildConfigurations = (
				7D1486701D1DB7FC001AC6D0 /* Debug */,
				7D1486711D1DB7FC001AC6D0 /* Release */,
			);
			defaultConfigurationIsVisible = 0;
			defaultConfigurationName = Release;
		};
		7D1486721D1DB7FC001AC6D0 /* Build configuration list for PBXNativeTarget "MyTVApp" */ = {
			isa = XCConfigurationList;
			buildConfigurations = (
				7D1486731D1DB7FC001AC6D0 /* Debug */,
				7D1486741D1DB7FC001AC6D0 /* Release */,
			);
			defaultConfigurationIsVisible = 0;
		};
		7D1486751D1DB7FC001AC6D0 /* Build configuration list for PBXNativeTarget "MyTVAppTests" */ = {
			isa = XCConfigurationList;
			buildConfigurations = (
				7D1486761D1DB7FC001AC6D0 /* Debug */,
				7D1486771D1DB7FC001AC6D0 /* Release */,
			);
			defaultConfigurationIsVisible = 0;
		};
		7D1486781D1DB7FC001AC6D0 /* Build configuration list for PBXNativeTarget "MyTVAppUITests" */ = {
			isa = XCConfigurationList;
			buildConfigurations = (
				7D1486791D1DB7FC001AC6D0 /* Debug */,
				7D14867A1D1DB7FC001AC6D0 /* Release */,
			);
			defaultConfigurationIsVisible = 0;
		};
/* End XCConfigurationList section */
	};
	rootObject = 7D1486451D1DB7FC001AC6D0 /* Project object */;
}
